{
  "markbot": "1fd63716ce63e1a05ea9753c2824369ac85502de2e13c0285c04cd3dc855814f",
  "markbotignore": "030a4e6e1b3b6b510514a7ae54576e2c2ef762d56236c6414ef634955d96a126",
  "css/main.css": "3200bd119fb6f9a557c2172bcdf766527d46e0d307cd2fdee15226ef0f22d4fb",
  "css/modules.css": "96346f0f08feef1ab99ea84d10d76c7bdb1bda1939bb0c9c2c4a180dbd2854e8",
  "css/grid.css": "5f3a5494e2f64e4e7aaf83aa5763a57b78d73bb70c85f3812f4bd2d02a12596c",
  "css/type.css": "b3e9aef3c9e78ee7edc49cf2579e54c91052fd1c7b35a0ab27dd6c0aec925e9b",
  "index-320.png": "a741524a26f8b63c9741bfcd7064aac9beea1bbf3ebb2e9856bcc7427d5b73b6",
  "index-400.png": "c51bf285d27e8b7c49454d742ac9730a9edf3799be79e091fd232bb513837d2c",
  "index-608.png": "f2c1218e24614e375a6bd5012ae525e93042db0402d092f957f3ea73ccf91776",
  "index-960.png": "6c753efed38f0ba28db2e58a8e152ba360c25775df89ae9921dcf6575112bd59",
  "index-1440.png": "c1b7ee6ded8eb337c488ed720a37e3126545a3c04b09331df1658629a0e86a69"
}